
Microsoft Visual Studio Solution File, Format Version 12.00
# Visual Studio Version 17
VisualStudioVersion = 17.7.34221.43
MinimumVisualStudioVersion = 10.0.40219.1
Project("{FAE04EC0-301F-11D3-BF4B-00C04F79EFBC}") = "credito", "credito\credito.csproj", "{7402A3DD-982C-4F28-9B58-B7DFE0DAD7EA}"
EndProject
Global
	GlobalSection(SolutionConfigurationPlatforms) = preSolution
		Debug|Any CPU = Debug|Any CPU
		Release|Any CPU = Release|Any CPU
	EndGlobalSection
	GlobalSection(ProjectConfigurationPlatforms) = postSolution
		{7402A3DD-982C-4F28-9B58-B7DFE0DAD7EA}.Debug|Any CPU.ActiveCfg = Debug|Any CPU
		{7402A3DD-982C-4F28-9B58-B7DFE0DAD7EA}.Debug|Any CPU.Build.0 = Debug|Any CPU
		{7402A3DD-982C-4F28-9B58-B7DFE0DAD7EA}.Release|Any CPU.ActiveCfg = Release|Any CPU
		{7402A3DD-982C-4F28-9B58-B7DFE0DAD7EA}.Release|Any CPU.Build.0 = Release|Any CPU
	EndGlobalSection
	GlobalSection(SolutionProperties) = preSolution
		HideSolutionNode = FALSE
	EndGlobalSection
	GlobalSection(ExtensibilityGlobals) = postSolution
		SolutionGuid = {D00E0FF7-12FD-42D3-9936-EACF32B207DD}
	EndGlobalSection
EndGlobal
